
Microsoft Visual Studio Solution File, Format Version 12.00
# Visual Studio Version 17
VisualStudioVersion = 17.14.36623.8
MinimumVisualStudioVersion = 10.0.40219.1
Project("{8BC9CEB8-8B4A-11D0-8D11-00A0C91BC942}") = "Algorithm Design and Analysis", "Algorithm Design and Analysis\Algorithm Design and Analysis.vcxproj", "{82AE89DD-4717-45D8-AE81-AF86E0E4F539}"
EndProject
Project("{8BC9CEB8-8B4A-11D0-8D11-00A0C91BC942}") = "Lecture1", "Lecture1\Lecture1.vcxproj", "{62775816-45FD-45F1-AA9B-BDEC4D75DF35}"
EndProject
Project("{8BC9CEB8-8B4A-11D0-8D11-00A0C91BC942}") = "Lecture3", "Lecture3\Lecture3.vcxproj", "{5F1E490C-B87A-4479-A7FA-7FF8FA4EB103}"
EndProject
Project("{8BC9CEB8-8B4A-11D0-8D11-00A0C91BC942}") = "Lecture4", "Lecture4\Lecture4.vcxproj", "{340C0774-5D6B-4942-91B6-0035F2ABA58A}"
EndProject
Project("{8BC9CEB8-8B4A-11D0-8D11-00A0C91BC942}") = "Lec5", "Lec5\Lec5.vcxproj", "{5018F65A-9AC3-44C1-9029-64502DB71B69}"
EndProject
Project("{8BC9CEB8-8B4A-11D0-8D11-00A0C91BC942}") = "Lec6", "Lec6\Lec6.vcxproj", "{39E26F07-539F-4BFA-86E8-8BC1357D3DD8}"
EndProject
Project("{8BC9CEB8-8B4A-11D0-8D11-00A0C91BC942}") = "Lec10", "Lec10\Lec10.vcxproj", "{A62DC3B3-49EE-4675-B9B9-1358A490D82D}"
EndProject
Project("{8BC9CEB8-8B4A-11D0-8D11-00A0C91BC942}") = "Lec12", "Lec12\Lec12.vcxproj", "{ABD309FA-1E12-4683-8C2E-034177FDC353}"
EndProject
Project("{8BC9CEB8-8B4A-11D0-8D11-00A0C91BC942}") = "week10", "week10\week10.vcxproj", "{DCA37BF1-6831-4D6E-91B7-2B85BD7FEACB}"
EndProject
Global
	GlobalSection(SolutionConfigurationPlatforms) = preSolution
		Debug|x64 = Debug|x64
		Debug|x86 = Debug|x86
		Release|x64 = Release|x64
		Release|x86 = Release|x86
	EndGlobalSection
	GlobalSection(ProjectConfigurationPlatforms) = postSolution
		{82AE89DD-4717-45D8-AE81-AF86E0E4F539}.Debug|x64.ActiveCfg = Debug|x64
		{82AE89DD-4717-45D8-AE81-AF86E0E4F539}.Debug|x64.Build.0 = Debug|x64
		{82AE89DD-4717-45D8-AE81-AF86E0E4F539}.Debug|x86.ActiveCfg = Debug|Win32
		{82AE89DD-4717-45D8-AE81-AF86E0E4F539}.Debug|x86.Build.0 = Debug|Win32
		{82AE89DD-4717-45D8-AE81-AF86E0E4F539}.Release|x64.ActiveCfg = Release|x64
		{82AE89DD-4717-45D8-AE81-AF86E0E4F539}.Release|x64.Build.0 = Release|x64
		{82AE89DD-4717-45D8-AE81-AF86E0E4F539}.Release|x86.ActiveCfg = Release|Win32
		{82AE89DD-4717-45D8-AE81-AF86E0E4F539}.Release|x86.Build.0 = Release|Win32
		{62775816-45FD-45F1-AA9B-BDEC4D75DF35}.Debug|x64.ActiveCfg = Debug|x64
		{62775816-45FD-45F1-AA9B-BDEC4D75DF35}.Debug|x64.Build.0 = Debug|x64
		{62775816-45FD-45F1-AA9B-BDEC4D75DF35}.Debug|x86.ActiveCfg = Debug|Win32
		{62775816-45FD-45F1-AA9B-BDEC4D75DF35}.Debug|x86.Build.0 = Debug|Win32
		{62775816-45FD-45F1-AA9B-BDEC4D75DF35}.Release|x64.ActiveCfg = Release|x64
		{62775816-45FD-45F1-AA9B-BDEC4D75DF35}.Release|x64.Build.0 = Release|x64
		{62775816-45FD-45F1-AA9B-BDEC4D75DF35}.Release|x86.ActiveCfg = Release|Win32
		{62775816-45FD-45F1-AA9B-BDEC4D75DF35}.Release|x86.Build.0 = Release|Win32
		{5F1E490C-B87A-4479-A7FA-7FF8FA4EB103}.Debug|x64.ActiveCfg = Debug|x64
		{5F1E490C-B87A-4479-A7FA-7FF8FA4EB103}.Debug|x64.Build.0 = Debug|x64
		{5F1E490C-B87A-4479-A7FA-7FF8FA4EB103}.Debug|x86.ActiveCfg = Debug|Win32
		{5F1E490C-B87A-4479-A7FA-7FF8FA4EB103}.Debug|x86.Build.0 = Debug|Win32
		{5F1E490C-B87A-4479-A7FA-7FF8FA4EB103}.Release|x64.ActiveCfg = Release|x64
		{5F1E490C-B87A-4479-A7FA-7FF8FA4EB103}.Release|x64.Build.0 = Release|x64
		{5F1E490C-B87A-4479-A7FA-7FF8FA4EB103}.Release|x86.ActiveCfg = Release|Win32
		{5F1E490C-B87A-4479-A7FA-7FF8FA4EB103}.Release|x86.Build.0 = Release|Win32
		{340C0774-5D6B-4942-91B6-0035F2ABA58A}.Debug|x64.ActiveCfg = Debug|x64
		{340C0774-5D6B-4942-91B6-0035F2ABA58A}.Debug|x64.Build.0 = Debug|x64
		{340C0774-5D6B-4942-91B6-0035F2ABA58A}.Debug|x86.ActiveCfg = Debug|Win32
		{340C0774-5D6B-4942-91B6-0035F2ABA58A}.Debug|x86.Build.0 = Debug|Win32
		{340C0774-5D6B-4942-91B6-0035F2ABA58A}.Release|x64.ActiveCfg = Release|x64
		{340C0774-5D6B-4942-91B6-0035F2ABA58A}.Release|x64.Build.0 = Release|x64
		{340C0774-5D6B-4942-91B6-0035F2ABA58A}.Release|x86.ActiveCfg = Release|Win32
		{340C0774-5D6B-4942-91B6-0035F2ABA58A}.Release|x86.Build.0 = Release|Win32
		{5018F65A-9AC3-44C1-9029-64502DB71B69}.Debug|x64.ActiveCfg = Debug|x64
		{5018F65A-9AC3-44C1-9029-64502DB71B69}.Debug|x64.Build.0 = Debug|x64
		{5018F65A-9AC3-44C1-9029-64502DB71B69}.Debug|x86.ActiveCfg = Debug|Win32
		{5018F65A-9AC3-44C1-9029-64502DB71B69}.Debug|x86.Build.0 = Debug|Win32
		{5018F65A-9AC3-44C1-9029-64502DB71B69}.Release|x64.ActiveCfg = Release|x64
		{5018F65A-9AC3-44C1-9029-64502DB71B69}.Release|x64.Build.0 = Release|x64
		{5018F65A-9AC3-44C1-9029-64502DB71B69}.Release|x86.ActiveCfg = Release|Win32
		{5018F65A-9AC3-44C1-9029-64502DB71B69}.Release|x86.Build.0 = Release|Win32
		{39E26F07-539F-4BFA-86E8-8BC1357D3DD8}.Debug|x64.ActiveCfg = Debug|x64
		{39E26F07-539F-4BFA-86E8-8BC1357D3DD8}.Debug|x64.Build.0 = Debug|x64
		{39E26F07-539F-4BFA-86E8-8BC1357D3DD8}.Debug|x86.ActiveCfg = Debug|Win32
		{39E26F07-539F-4BFA-86E8-8BC1357D3DD8}.Debug|x86.Build.0 = Debug|Win32
		{39E26F07-539F-4BFA-86E8-8BC1357D3DD8}.Release|x64.ActiveCfg = Release|x64
		{39E26F07-539F-4BFA-86E8-8BC1357D3DD8}.Release|x64.Build.0 = Release|x64
		{39E26F07-539F-4BFA-86E8-8BC1357D3DD8}.Release|x86.ActiveCfg = Release|Win32
		{39E26F07-539F-4BFA-86E8-8BC1357D3DD8}.Release|x86.Build.0 = Release|Win32
		{A62DC3B3-49EE-4675-B9B9-1358A490D82D}.Debug|x64.ActiveCfg = Debug|x64
		{A62DC3B3-49EE-4675-B9B9-1358A490D82D}.Debug|x64.Build.0 = Debug|x64
		{A62DC3B3-49EE-4675-B9B9-1358A490D82D}.Debug|x86.ActiveCfg = Debug|Win32
		{A62DC3B3-49EE-4675-B9B9-1358A490D82D}.Debug|x86.Build.0 = Debug|Win32
		{A62DC3B3-49EE-4675-B9B9-1358A490D82D}.Release|x64.ActiveCfg = Release|x64
		{A62DC3B3-49EE-4675-B9B9-1358A490D82D}.Release|x64.Build.0 = Release|x64
		{A62DC3B3-49EE-4675-B9B9-1358A490D82D}.Release|x86.ActiveCfg = Release|Win32
		{A62DC3B3-49EE-4675-B9B9-1358A490D82D}.Release|x86.Build.0 = Release|Win32
		{ABD309FA-1E12-4683-8C2E-034177FDC353}.Debug|x64.ActiveCfg = Debug|x64
		{ABD309FA-1E12-4683-8C2E-034177FDC353}.Debug|x64.Build.0 = Debug|x64
		{ABD309FA-1E12-4683-8C2E-034177FDC353}.Debug|x86.ActiveCfg = Debug|Win32
		{ABD309FA-1E12-4683-8C2E-034177FDC353}.Debug|x86.Build.0 = Debug|Win32
		{ABD309FA-1E12-4683-8C2E-034177FDC353}.Release|x64.ActiveCfg = Release|x64
		{ABD309FA-1E12-4683-8C2E-034177FDC353}.Release|x64.Build.0 = Release|x64
		{ABD309FA-1E12-4683-8C2E-034177FDC353}.Release|x86.ActiveCfg = Release|Win32
		{ABD309FA-1E12-4683-8C2E-034177FDC353}.Release|x86.Build.0 = Release|Win32
		{DCA37BF1-6831-4D6E-91B7-2B85BD7FEACB}.Debug|x64.ActiveCfg = Debug|x64
		{DCA37BF1-6831-4D6E-91B7-2B85BD7FEACB}.Debug|x64.Build.0 = Debug|x64
		{DCA37BF1-6831-4D6E-91B7-2B85BD7FEACB}.Debug|x86.ActiveCfg = Debug|Win32
		{DCA37BF1-6831-4D6E-91B7-2B85BD7FEACB}.Debug|x86.Build.0 = Debug|Win32
		{DCA37BF1-6831-4D6E-91B7-2B85BD7FEACB}.Release|x64.ActiveCfg = Release|x64
		{DCA37BF1-6831-4D6E-91B7-2B85BD7FEACB}.Release|x64.Build.0 = Release|x64
		{DCA37BF1-6831-4D6E-91B7-2B85BD7FEACB}.Release|x86.ActiveCfg = Release|Win32
		{DCA37BF1-6831-4D6E-91B7-2B85BD7FEACB}.Release|x86.Build.0 = Release|Win32
	EndGlobalSection
	GlobalSection(SolutionProperties) = preSolution
		HideSolutionNode = FALSE
	EndGlobalSection
	GlobalSection(ExtensibilityGlobals) = postSolution
		SolutionGuid = {D6FDC7C5-135F-4F18-A78E-601C17EFE548}
	EndGlobalSection
EndGlobal
